
Microsoft Visual Studio Solution File, Format Version 12.00
# Visual Studio 2012
Project("{FAE04EC0-301F-11D3-BF4B-00C04F79EFBC}") = "Athena.ImagePicker.Pcl", "Athena.ImagePicker.Pcl\Athena.ImagePicker.Pcl.csproj", "{2E898FDB-1EA1-4E9E-B393-E107AD5ECCAF}"
EndProject
Project("{FAE04EC0-301F-11D3-BF4B-00C04F79EFBC}") = "Athena.ImagePicker.iOS", "Athena.ImagePicker.iOS\Athena.ImagePicker.iOS.csproj", "{74EF075A-42E5-44CA-947C-13575B6C42EF}"
EndProject
Project("{FAE04EC0-301F-11D3-BF4B-00C04F79EFBC}") = "Athena.ImagePicker.Android", "Athena.ImagePicker.Android\Athena.ImagePicker.Android.csproj", "{D8AAF936-AD5D-4B5C-8DA6-C5D801AFB2D6}"
EndProject
Project("{FAE04EC0-301F-11D3-BF4B-00C04F79EFBC}") = "Athena.ImagePicker.iOS.App", "Athena.ImagePicker.iOS.App\Athena.ImagePicker.iOS.App.csproj", "{D28056BE-3749-49F0-9BDE-BCD998354378}"
EndProject
Global
	GlobalSection(SolutionConfigurationPlatforms) = preSolution
		Debug|Any CPU = Debug|Any CPU
		Release|Any CPU = Release|Any CPU
		Debug|iPhoneSimulator = Debug|iPhoneSimulator
		Release|iPhoneSimulator = Release|iPhoneSimulator
		Debug|iPhone = Debug|iPhone
		Release|iPhone = Release|iPhone
		Ad-Hoc|iPhone = Ad-Hoc|iPhone
		AppStore|iPhone = AppStore|iPhone
	EndGlobalSection
	GlobalSection(ProjectConfigurationPlatforms) = postSolution
		{2E898FDB-1EA1-4E9E-B393-E107AD5ECCAF}.Ad-Hoc|iPhone.ActiveCfg = Debug|Any CPU
		{2E898FDB-1EA1-4E9E-B393-E107AD5ECCAF}.Ad-Hoc|iPhone.Build.0 = Debug|Any CPU
		{2E898FDB-1EA1-4E9E-B393-E107AD5ECCAF}.AppStore|iPhone.ActiveCfg = Debug|Any CPU
		{2E898FDB-1EA1-4E9E-B393-E107AD5ECCAF}.AppStore|iPhone.Build.0 = Debug|Any CPU
		{2E898FDB-1EA1-4E9E-B393-E107AD5ECCAF}.Debug|Any CPU.ActiveCfg = Debug|Any CPU
		{2E898FDB-1EA1-4E9E-B393-E107AD5ECCAF}.Debug|Any CPU.Build.0 = Debug|Any CPU
		{2E898FDB-1EA1-4E9E-B393-E107AD5ECCAF}.Debug|iPhone.ActiveCfg = Debug|Any CPU
		{2E898FDB-1EA1-4E9E-B393-E107AD5ECCAF}.Debug|iPhone.Build.0 = Debug|Any CPU
		{2E898FDB-1EA1-4E9E-B393-E107AD5ECCAF}.Debug|iPhoneSimulator.ActiveCfg = Debug|Any CPU
		{2E898FDB-1EA1-4E9E-B393-E107AD5ECCAF}.Debug|iPhoneSimulator.Build.0 = Debug|Any CPU
		{2E898FDB-1EA1-4E9E-B393-E107AD5ECCAF}.Release|Any CPU.ActiveCfg = Release|Any CPU
		{2E898FDB-1EA1-4E9E-B393-E107AD5ECCAF}.Release|Any CPU.Build.0 = Release|Any CPU
		{2E898FDB-1EA1-4E9E-B393-E107AD5ECCAF}.Release|iPhone.ActiveCfg = Release|Any CPU
		{2E898FDB-1EA1-4E9E-B393-E107AD5ECCAF}.Release|iPhone.Build.0 = Release|Any CPU
		{2E898FDB-1EA1-4E9E-B393-E107AD5ECCAF}.Release|iPhoneSimulator.ActiveCfg = Release|Any CPU
		{2E898FDB-1EA1-4E9E-B393-E107AD5ECCAF}.Release|iPhoneSimulator.Build.0 = Release|Any CPU
		{74EF075A-42E5-44CA-947C-13575B6C42EF}.Ad-Hoc|iPhone.ActiveCfg = Debug|Any CPU
		{74EF075A-42E5-44CA-947C-13575B6C42EF}.Ad-Hoc|iPhone.Build.0 = Debug|Any CPU
		{74EF075A-42E5-44CA-947C-13575B6C42EF}.AppStore|iPhone.ActiveCfg = Debug|Any CPU
		{74EF075A-42E5-44CA-947C-13575B6C42EF}.AppStore|iPhone.Build.0 = Debug|Any CPU
		{74EF075A-42E5-44CA-947C-13575B6C42EF}.Debug|Any CPU.ActiveCfg = Debug|Any CPU
		{74EF075A-42E5-44CA-947C-13575B6C42EF}.Debug|Any CPU.Build.0 = Debug|Any CPU
		{74EF075A-42E5-44CA-947C-13575B6C42EF}.Debug|iPhone.ActiveCfg = Debug|Any CPU
		{74EF075A-42E5-44CA-947C-13575B6C42EF}.Debug|iPhone.Build.0 = Debug|Any CPU
		{74EF075A-42E5-44CA-947C-13575B6C42EF}.Debug|iPhoneSimulator.ActiveCfg = Debug|Any CPU
		{74EF075A-42E5-44CA-947C-13575B6C42EF}.Debug|iPhoneSimulator.Build.0 = Debug|Any CPU
		{74EF075A-42E5-44CA-947C-13575B6C42EF}.Release|Any CPU.ActiveCfg = Release|Any CPU
		{74EF075A-42E5-44CA-947C-13575B6C42EF}.Release|Any CPU.Build.0 = Release|Any CPU
		{74EF075A-42E5-44CA-947C-13575B6C42EF}.Release|iPhone.ActiveCfg = Release|Any CPU
		{74EF075A-42E5-44CA-947C-13575B6C42EF}.Release|iPhone.Build.0 = Release|Any CPU
		{74EF075A-42E5-44CA-947C-13575B6C42EF}.Release|iPhoneSimulator.ActiveCfg = Release|Any CPU
		{74EF075A-42E5-44CA-947C-13575B6C42EF}.Release|iPhoneSimulator.Build.0 = Release|Any CPU
		{D28056BE-3749-49F0-9BDE-BCD998354378}.Ad-Hoc|iPhone.ActiveCfg = Ad-Hoc|iPhone
		{D28056BE-3749-49F0-9BDE-BCD998354378}.Ad-Hoc|iPhone.Build.0 = Ad-Hoc|iPhone
		{D28056BE-3749-49F0-9BDE-BCD998354378}.AppStore|iPhone.ActiveCfg = AppStore|iPhone
		{D28056BE-3749-49F0-9BDE-BCD998354378}.AppStore|iPhone.Build.0 = AppStore|iPhone
		{D28056BE-3749-49F0-9BDE-BCD998354378}.Debug|Any CPU.ActiveCfg = Debug|iPhoneSimulator
		{D28056BE-3749-49F0-9BDE-BCD998354378}.Debug|Any CPU.Build.0 = Debug|iPhoneSimulator
		{D28056BE-3749-49F0-9BDE-BCD998354378}.Debug|iPhone.ActiveCfg = Debug|iPhone
		{D28056BE-3749-49F0-9BDE-BCD998354378}.Debug|iPhone.Build.0 = Debug|iPhone
		{D28056BE-3749-49F0-9BDE-BCD998354378}.Debug|iPhoneSimulator.ActiveCfg = Debug|iPhoneSimulator
		{D28056BE-3749-49F0-9BDE-BCD998354378}.Debug|iPhoneSimulator.Build.0 = Debug|iPhoneSimulator
		{D28056BE-3749-49F0-9BDE-BCD998354378}.Release|Any CPU.ActiveCfg = Release|iPhoneSimulator
		{D28056BE-3749-49F0-9BDE-BCD998354378}.Release|Any CPU.Build.0 = Release|iPhoneSimulator
		{D28056BE-3749-49F0-9BDE-BCD998354378}.Release|iPhone.ActiveCfg = Release|iPhone
		{D28056BE-3749-49F0-9BDE-BCD998354378}.Release|iPhone.Build.0 = Release|iPhone
		{D28056BE-3749-49F0-9BDE-BCD998354378}.Release|iPhoneSimulator.ActiveCfg = Release|iPhoneSimulator
		{D28056BE-3749-49F0-9BDE-BCD998354378}.Release|iPhoneSimulator.Build.0 = Release|iPhoneSimulator
		{D8AAF936-AD5D-4B5C-8DA6-C5D801AFB2D6}.Ad-Hoc|iPhone.ActiveCfg = Debug|Any CPU
		{D8AAF936-AD5D-4B5C-8DA6-C5D801AFB2D6}.Ad-Hoc|iPhone.Build.0 = Debug|Any CPU
		{D8AAF936-AD5D-4B5C-8DA6-C5D801AFB2D6}.AppStore|iPhone.ActiveCfg = Debug|Any CPU
		{D8AAF936-AD5D-4B5C-8DA6-C5D801AFB2D6}.AppStore|iPhone.Build.0 = Debug|Any CPU
		{D8AAF936-AD5D-4B5C-8DA6-C5D801AFB2D6}.Debug|Any CPU.ActiveCfg = Debug|Any CPU
		{D8AAF936-AD5D-4B5C-8DA6-C5D801AFB2D6}.Debug|Any CPU.Build.0 = Debug|Any CPU
		{D8AAF936-AD5D-4B5C-8DA6-C5D801AFB2D6}.Debug|iPhone.ActiveCfg = Debug|Any CPU
		{D8AAF936-AD5D-4B5C-8DA6-C5D801AFB2D6}.Debug|iPhone.Build.0 = Debug|Any CPU
		{D8AAF936-AD5D-4B5C-8DA6-C5D801AFB2D6}.Debug|iPhoneSimulator.ActiveCfg = Debug|Any CPU
		{D8AAF936-AD5D-4B5C-8DA6-C5D801AFB2D6}.Debug|iPhoneSimulator.Build.0 = Debug|Any CPU
		{D8AAF936-AD5D-4B5C-8DA6-C5D801AFB2D6}.Release|Any CPU.ActiveCfg = Release|Any CPU
		{D8AAF936-AD5D-4B5C-8DA6-C5D801AFB2D6}.Release|Any CPU.Build.0 = Release|Any CPU
		{D8AAF936-AD5D-4B5C-8DA6-C5D801AFB2D6}.Release|iPhone.ActiveCfg = Release|Any CPU
		{D8AAF936-AD5D-4B5C-8DA6-C5D801AFB2D6}.Release|iPhone.Build.0 = Release|Any CPU
		{D8AAF936-AD5D-4B5C-8DA6-C5D801AFB2D6}.Release|iPhoneSimulator.ActiveCfg = Release|Any CPU
		{D8AAF936-AD5D-4B5C-8DA6-C5D801AFB2D6}.Release|iPhoneSimulator.Build.0 = Release|Any CPU
	EndGlobalSection
	GlobalSection(MonoDevelopProperties) = preSolution
		StartupItem = Athena.ImagePicker.iOS.App\Athena.ImagePicker.iOS.App.csproj
	EndGlobalSection
EndGlobal
