
Microsoft Visual Studio Solution File, Format Version 12.00
# Visual Studio 2012
Project("{FAE04EC0-301F-11D3-BF4B-00C04F79EFBC}") = "Athena.ImagePicker.Pcl", "Athena.ImagePicker.Pcl\Athena.ImagePicker.Pcl.csproj", "{2E898FDB-1EA1-4E9E-B393-E107AD5ECCAF}"
EndProject
Project("{FAE04EC0-301F-11D3-BF4B-00C04F79EFBC}") = "Athena.ImagePicker.iOS", "Athena.ImagePicker.iOS\Athena.ImagePicker.iOS.csproj", "{74EF075A-42E5-44CA-947C-13575B6C42EF}"
EndProject
Project("{FAE04EC0-301F-11D3-BF4B-00C04F79EFBC}") = "Athena.ImagePicker.Android", "Athena.ImagePicker.Android\Athena.ImagePicker.Android.csproj", "{D8AAF936-AD5D-4B5C-8DA6-C5D801AFB2D6}"
EndProject
Project("{FAE04EC0-301F-11D3-BF4B-00C04F79EFBC}") = "Athena.Core.Pcl", "Athena.Core.Pcl\Athena.Core.Pcl.csproj", "{D863B695-D01C-42F4-91CE-DF923514A74D}"
EndProject
Project("{FAE04EC0-301F-11D3-BF4B-00C04F79EFBC}") = "Athena.TestHarness.Pcl", "Athena.TestHarness.Pcl\Athena.TestHarness.Pcl.csproj", "{B0FF09E6-993A-4D01-BB84-6A5C97FEDB86}"
EndProject
Project("{FAE04EC0-301F-11D3-BF4B-00C04F79EFBC}") = "Athena.TestHarness.iOS.App", "Athena.TestHarness.iOS.App\Athena.TestHarness.iOS.App.csproj", "{E1230749-9975-474A-AB0B-7650E9DB4796}"
EndProject
Project("{2150E333-8FDC-42A3-9474-1A3956D46DE8}") = "Solution Items", "Solution Items", "{BEBC7E15-274E-44BB-BDA0-6C1DCAD94169}"
	ProjectSection(SolutionItems) = preProject
		Snapshots\Views\CircleView.png = Snapshots\Views\CircleView.png
	EndProjectSection
EndProject
Global
	GlobalSection(SolutionConfigurationPlatforms) = preSolution
		Debug|Any CPU = Debug|Any CPU
		Release|Any CPU = Release|Any CPU
		Debug|iPhoneSimulator = Debug|iPhoneSimulator
		Release|iPhoneSimulator = Release|iPhoneSimulator
		Debug|iPhone = Debug|iPhone
		Release|iPhone = Release|iPhone
		Ad-Hoc|iPhone = Ad-Hoc|iPhone
		AppStore|iPhone = AppStore|iPhone
	EndGlobalSection
	GlobalSection(ProjectConfigurationPlatforms) = postSolution
		{2E898FDB-1EA1-4E9E-B393-E107AD5ECCAF}.Ad-Hoc|iPhone.ActiveCfg = Debug|Any CPU
		{2E898FDB-1EA1-4E9E-B393-E107AD5ECCAF}.Ad-Hoc|iPhone.Build.0 = Debug|Any CPU
		{2E898FDB-1EA1-4E9E-B393-E107AD5ECCAF}.AppStore|iPhone.ActiveCfg = Debug|Any CPU
		{2E898FDB-1EA1-4E9E-B393-E107AD5ECCAF}.AppStore|iPhone.Build.0 = Debug|Any CPU
		{2E898FDB-1EA1-4E9E-B393-E107AD5ECCAF}.Debug|Any CPU.ActiveCfg = Debug|Any CPU
		{2E898FDB-1EA1-4E9E-B393-E107AD5ECCAF}.Debug|Any CPU.Build.0 = Debug|Any CPU
		{2E898FDB-1EA1-4E9E-B393-E107AD5ECCAF}.Debug|iPhone.ActiveCfg = Debug|Any CPU
		{2E898FDB-1EA1-4E9E-B393-E107AD5ECCAF}.Debug|iPhone.Build.0 = Debug|Any CPU
		{2E898FDB-1EA1-4E9E-B393-E107AD5ECCAF}.Debug|iPhoneSimulator.ActiveCfg = Debug|Any CPU
		{2E898FDB-1EA1-4E9E-B393-E107AD5ECCAF}.Debug|iPhoneSimulator.Build.0 = Debug|Any CPU
		{2E898FDB-1EA1-4E9E-B393-E107AD5ECCAF}.Release|Any CPU.ActiveCfg = Release|Any CPU
		{2E898FDB-1EA1-4E9E-B393-E107AD5ECCAF}.Release|Any CPU.Build.0 = Release|Any CPU
		{2E898FDB-1EA1-4E9E-B393-E107AD5ECCAF}.Release|iPhone.ActiveCfg = Release|Any CPU
		{2E898FDB-1EA1-4E9E-B393-E107AD5ECCAF}.Release|iPhone.Build.0 = Release|Any CPU
		{2E898FDB-1EA1-4E9E-B393-E107AD5ECCAF}.Release|iPhoneSimulator.ActiveCfg = Release|Any CPU
		{2E898FDB-1EA1-4E9E-B393-E107AD5ECCAF}.Release|iPhoneSimulator.Build.0 = Release|Any CPU
		{74EF075A-42E5-44CA-947C-13575B6C42EF}.Ad-Hoc|iPhone.ActiveCfg = Debug|Any CPU
		{74EF075A-42E5-44CA-947C-13575B6C42EF}.Ad-Hoc|iPhone.Build.0 = Debug|Any CPU
		{74EF075A-42E5-44CA-947C-13575B6C42EF}.AppStore|iPhone.ActiveCfg = Debug|Any CPU
		{74EF075A-42E5-44CA-947C-13575B6C42EF}.AppStore|iPhone.Build.0 = Debug|Any CPU
		{74EF075A-42E5-44CA-947C-13575B6C42EF}.Debug|Any CPU.ActiveCfg = Debug|Any CPU
		{74EF075A-42E5-44CA-947C-13575B6C42EF}.Debug|Any CPU.Build.0 = Debug|Any CPU
		{74EF075A-42E5-44CA-947C-13575B6C42EF}.Debug|iPhone.ActiveCfg = Debug|Any CPU
		{74EF075A-42E5-44CA-947C-13575B6C42EF}.Debug|iPhone.Build.0 = Debug|Any CPU
		{74EF075A-42E5-44CA-947C-13575B6C42EF}.Debug|iPhoneSimulator.ActiveCfg = Debug|Any CPU
		{74EF075A-42E5-44CA-947C-13575B6C42EF}.Debug|iPhoneSimulator.Build.0 = Debug|Any CPU
		{74EF075A-42E5-44CA-947C-13575B6C42EF}.Release|Any CPU.ActiveCfg = Release|Any CPU
		{74EF075A-42E5-44CA-947C-13575B6C42EF}.Release|Any CPU.Build.0 = Release|Any CPU
		{74EF075A-42E5-44CA-947C-13575B6C42EF}.Release|iPhone.ActiveCfg = Release|Any CPU
		{74EF075A-42E5-44CA-947C-13575B6C42EF}.Release|iPhone.Build.0 = Release|Any CPU
		{74EF075A-42E5-44CA-947C-13575B6C42EF}.Release|iPhoneSimulator.ActiveCfg = Release|Any CPU
		{74EF075A-42E5-44CA-947C-13575B6C42EF}.Release|iPhoneSimulator.Build.0 = Release|Any CPU
		{B0FF09E6-993A-4D01-BB84-6A5C97FEDB86}.Ad-Hoc|iPhone.ActiveCfg = Release|Any CPU
		{B0FF09E6-993A-4D01-BB84-6A5C97FEDB86}.Ad-Hoc|iPhone.Build.0 = Release|Any CPU
		{B0FF09E6-993A-4D01-BB84-6A5C97FEDB86}.AppStore|iPhone.ActiveCfg = Release|Any CPU
		{B0FF09E6-993A-4D01-BB84-6A5C97FEDB86}.AppStore|iPhone.Build.0 = Release|Any CPU
		{B0FF09E6-993A-4D01-BB84-6A5C97FEDB86}.Debug|Any CPU.ActiveCfg = Debug|Any CPU
		{B0FF09E6-993A-4D01-BB84-6A5C97FEDB86}.Debug|Any CPU.Build.0 = Debug|Any CPU
		{B0FF09E6-993A-4D01-BB84-6A5C97FEDB86}.Debug|iPhone.ActiveCfg = Debug|Any CPU
		{B0FF09E6-993A-4D01-BB84-6A5C97FEDB86}.Debug|iPhone.Build.0 = Debug|Any CPU
		{B0FF09E6-993A-4D01-BB84-6A5C97FEDB86}.Debug|iPhoneSimulator.ActiveCfg = Debug|Any CPU
		{B0FF09E6-993A-4D01-BB84-6A5C97FEDB86}.Debug|iPhoneSimulator.Build.0 = Debug|Any CPU
		{B0FF09E6-993A-4D01-BB84-6A5C97FEDB86}.Release|Any CPU.ActiveCfg = Release|Any CPU
		{B0FF09E6-993A-4D01-BB84-6A5C97FEDB86}.Release|Any CPU.Build.0 = Release|Any CPU
		{B0FF09E6-993A-4D01-BB84-6A5C97FEDB86}.Release|iPhone.ActiveCfg = Release|Any CPU
		{B0FF09E6-993A-4D01-BB84-6A5C97FEDB86}.Release|iPhone.Build.0 = Release|Any CPU
		{B0FF09E6-993A-4D01-BB84-6A5C97FEDB86}.Release|iPhoneSimulator.ActiveCfg = Release|Any CPU
		{B0FF09E6-993A-4D01-BB84-6A5C97FEDB86}.Release|iPhoneSimulator.Build.0 = Release|Any CPU
		{D863B695-D01C-42F4-91CE-DF923514A74D}.Ad-Hoc|iPhone.ActiveCfg = Release|Any CPU
		{D863B695-D01C-42F4-91CE-DF923514A74D}.Ad-Hoc|iPhone.Build.0 = Release|Any CPU
		{D863B695-D01C-42F4-91CE-DF923514A74D}.AppStore|iPhone.ActiveCfg = Release|Any CPU
		{D863B695-D01C-42F4-91CE-DF923514A74D}.AppStore|iPhone.Build.0 = Release|Any CPU
		{D863B695-D01C-42F4-91CE-DF923514A74D}.Debug|Any CPU.ActiveCfg = Debug|Any CPU
		{D863B695-D01C-42F4-91CE-DF923514A74D}.Debug|Any CPU.Build.0 = Debug|Any CPU
		{D863B695-D01C-42F4-91CE-DF923514A74D}.Debug|iPhone.ActiveCfg = Debug|Any CPU
		{D863B695-D01C-42F4-91CE-DF923514A74D}.Debug|iPhone.Build.0 = Debug|Any CPU
		{D863B695-D01C-42F4-91CE-DF923514A74D}.Debug|iPhoneSimulator.ActiveCfg = Debug|Any CPU
		{D863B695-D01C-42F4-91CE-DF923514A74D}.Debug|iPhoneSimulator.Build.0 = Debug|Any CPU
		{D863B695-D01C-42F4-91CE-DF923514A74D}.Release|Any CPU.ActiveCfg = Release|Any CPU
		{D863B695-D01C-42F4-91CE-DF923514A74D}.Release|Any CPU.Build.0 = Release|Any CPU
		{D863B695-D01C-42F4-91CE-DF923514A74D}.Release|iPhone.ActiveCfg = Release|Any CPU
		{D863B695-D01C-42F4-91CE-DF923514A74D}.Release|iPhone.Build.0 = Release|Any CPU
		{D863B695-D01C-42F4-91CE-DF923514A74D}.Release|iPhoneSimulator.ActiveCfg = Release|Any CPU
		{D863B695-D01C-42F4-91CE-DF923514A74D}.Release|iPhoneSimulator.Build.0 = Release|Any CPU
		{D8AAF936-AD5D-4B5C-8DA6-C5D801AFB2D6}.Ad-Hoc|iPhone.ActiveCfg = Debug|Any CPU
		{D8AAF936-AD5D-4B5C-8DA6-C5D801AFB2D6}.Ad-Hoc|iPhone.Build.0 = Debug|Any CPU
		{D8AAF936-AD5D-4B5C-8DA6-C5D801AFB2D6}.AppStore|iPhone.ActiveCfg = Debug|Any CPU
		{D8AAF936-AD5D-4B5C-8DA6-C5D801AFB2D6}.AppStore|iPhone.Build.0 = Debug|Any CPU
		{D8AAF936-AD5D-4B5C-8DA6-C5D801AFB2D6}.Debug|Any CPU.ActiveCfg = Debug|Any CPU
		{D8AAF936-AD5D-4B5C-8DA6-C5D801AFB2D6}.Debug|Any CPU.Build.0 = Debug|Any CPU
		{D8AAF936-AD5D-4B5C-8DA6-C5D801AFB2D6}.Debug|iPhone.ActiveCfg = Debug|Any CPU
		{D8AAF936-AD5D-4B5C-8DA6-C5D801AFB2D6}.Debug|iPhone.Build.0 = Debug|Any CPU
		{D8AAF936-AD5D-4B5C-8DA6-C5D801AFB2D6}.Debug|iPhoneSimulator.ActiveCfg = Debug|Any CPU
		{D8AAF936-AD5D-4B5C-8DA6-C5D801AFB2D6}.Debug|iPhoneSimulator.Build.0 = Debug|Any CPU
		{D8AAF936-AD5D-4B5C-8DA6-C5D801AFB2D6}.Release|Any CPU.ActiveCfg = Release|Any CPU
		{D8AAF936-AD5D-4B5C-8DA6-C5D801AFB2D6}.Release|Any CPU.Build.0 = Release|Any CPU
		{D8AAF936-AD5D-4B5C-8DA6-C5D801AFB2D6}.Release|iPhone.ActiveCfg = Release|Any CPU
		{D8AAF936-AD5D-4B5C-8DA6-C5D801AFB2D6}.Release|iPhone.Build.0 = Release|Any CPU
		{D8AAF936-AD5D-4B5C-8DA6-C5D801AFB2D6}.Release|iPhoneSimulator.ActiveCfg = Release|Any CPU
		{D8AAF936-AD5D-4B5C-8DA6-C5D801AFB2D6}.Release|iPhoneSimulator.Build.0 = Release|Any CPU
		{E1230749-9975-474A-AB0B-7650E9DB4796}.Ad-Hoc|iPhone.ActiveCfg = Ad-Hoc|iPhone
		{E1230749-9975-474A-AB0B-7650E9DB4796}.Ad-Hoc|iPhone.Build.0 = Ad-Hoc|iPhone
		{E1230749-9975-474A-AB0B-7650E9DB4796}.AppStore|iPhone.ActiveCfg = AppStore|iPhone
		{E1230749-9975-474A-AB0B-7650E9DB4796}.AppStore|iPhone.Build.0 = AppStore|iPhone
		{E1230749-9975-474A-AB0B-7650E9DB4796}.Debug|Any CPU.ActiveCfg = Debug|iPhoneSimulator
		{E1230749-9975-474A-AB0B-7650E9DB4796}.Debug|Any CPU.Build.0 = Debug|iPhoneSimulator
		{E1230749-9975-474A-AB0B-7650E9DB4796}.Debug|iPhone.ActiveCfg = Debug|iPhone
		{E1230749-9975-474A-AB0B-7650E9DB4796}.Debug|iPhone.Build.0 = Debug|iPhone
		{E1230749-9975-474A-AB0B-7650E9DB4796}.Debug|iPhoneSimulator.ActiveCfg = Debug|iPhoneSimulator
		{E1230749-9975-474A-AB0B-7650E9DB4796}.Debug|iPhoneSimulator.Build.0 = Debug|iPhoneSimulator
		{E1230749-9975-474A-AB0B-7650E9DB4796}.Release|Any CPU.ActiveCfg = Release|iPhoneSimulator
		{E1230749-9975-474A-AB0B-7650E9DB4796}.Release|Any CPU.Build.0 = Release|iPhoneSimulator
		{E1230749-9975-474A-AB0B-7650E9DB4796}.Release|iPhone.ActiveCfg = Release|iPhone
		{E1230749-9975-474A-AB0B-7650E9DB4796}.Release|iPhone.Build.0 = Release|iPhone
		{E1230749-9975-474A-AB0B-7650E9DB4796}.Release|iPhoneSimulator.ActiveCfg = Release|iPhoneSimulator
		{E1230749-9975-474A-AB0B-7650E9DB4796}.Release|iPhoneSimulator.Build.0 = Release|iPhoneSimulator
	EndGlobalSection
	GlobalSection(NestedProjects) = preSolution
	EndGlobalSection
	GlobalSection(MonoDevelopProperties) = preSolution
		StartupItem = Athena.TestHarness.iOS.App\Athena.TestHarness.iOS.App.csproj
	EndGlobalSection
EndGlobal
